
Microsoft Visual Studio Solution File, Format Version 12.00
# Visual Studio 15
VisualStudioVersion = 15.0.26730.16
MinimumVisualStudioVersion = 10.0.40219.1
Project("{FAE04EC0-301F-11D3-BF4B-00C04F79EFBC}") = "OffworldMapfillGenerator", "OffworldMapfillGenerator\OffworldMapfillGenerator.csproj", "{512D24EB-C200-405F-B188-F06D052F0E39}"
EndProject
Global
	GlobalSection(SolutionConfigurationPlatforms) = preSolution
		Debug|Any CPU = Debug|Any CPU
		Release|Any CPU = Release|Any CPU
	EndGlobalSection
	GlobalSection(ProjectConfigurationPlatforms) = postSolution
		{512D24EB-C200-405F-B188-F06D052F0E39}.Debug|Any CPU.ActiveCfg = Debug|Any CPU
		{512D24EB-C200-405F-B188-F06D052F0E39}.Debug|Any CPU.Build.0 = Debug|Any CPU
		{512D24EB-C200-405F-B188-F06D052F0E39}.Release|Any CPU.ActiveCfg = Release|Any CPU
		{512D24EB-C200-405F-B188-F06D052F0E39}.Release|Any CPU.Build.0 = Release|Any CPU
	EndGlobalSection
	GlobalSection(SolutionProperties) = preSolution
		HideSolutionNode = FALSE
	EndGlobalSection
	GlobalSection(ExtensibilityGlobals) = postSolution
		SolutionGuid = {95C3DAF8-1D99-4B59-8DCA-08E3C352997B}
	EndGlobalSection
EndGlobal
